
Microsoft Visual Studio Solution File, Format Version 12.00
# Visual Studio Version 16
VisualStudioVersion = 16.0.32002.261
MinimumVisualStudioVersion = 10.0.40219.1
Project("{FAE04EC0-301F-11D3-BF4B-00C04F79EFBC}") = "libreriaAuth", "libreriaAuth\libreriaAuth.csproj", "{DC375E70-FECD-4063-925D-C16BBE5E6466}"
EndProject
Global
	GlobalSection(SolutionConfigurationPlatforms) = preSolution
		Debug|Any CPU = Debug|Any CPU
		Release|Any CPU = Release|Any CPU
	EndGlobalSection
	GlobalSection(ProjectConfigurationPlatforms) = postSolution
		{DC375E70-FECD-4063-925D-C16BBE5E6466}.Debug|Any CPU.ActiveCfg = Debug|Any CPU
		{DC375E70-FECD-4063-925D-C16BBE5E6466}.Debug|Any CPU.Build.0 = Debug|Any CPU
		{DC375E70-FECD-4063-925D-C16BBE5E6466}.Release|Any CPU.ActiveCfg = Release|Any CPU
		{DC375E70-FECD-4063-925D-C16BBE5E6466}.Release|Any CPU.Build.0 = Release|Any CPU
	EndGlobalSection
	GlobalSection(SolutionProperties) = preSolution
		HideSolutionNode = FALSE
	EndGlobalSection
	GlobalSection(ExtensibilityGlobals) = postSolution
		SolutionGuid = {002A514B-1F3B-4E19-A77F-9977D0DDB851}
	EndGlobalSection
EndGlobal
